
Microsoft Visual Studio Solution File, Format Version 12.00
# Visual Studio 2015
Project("{FAE04EC0-301F-11D3-BF4B-00C04F79EFBC}") = "space_concept.CSharp", "space_concept.CSharp.csproj", "{9B3CC907-7ADD-D19F-1636-A187D81153A2}"
EndProject
Project("{FAE04EC0-301F-11D3-BF4B-00C04F79EFBC}") = "space_concept.CSharp.Editor", "space_concept.CSharp.Editor.csproj", "{185ACDF8-1EF3-96DC-A6C3-6BF784C92D5F}"
EndProject
Global
	GlobalSection(SolutionConfigurationPlatforms) = preSolution
		Debug|Any CPU = Debug|Any CPU
		Release|Any CPU = Release|Any CPU
	EndGlobalSection
	GlobalSection(ProjectConfigurationPlatforms) = postSolution
		{9B3CC907-7ADD-D19F-1636-A187D81153A2}.Debug|Any CPU.ActiveCfg = Debug|Any CPU
		{9B3CC907-7ADD-D19F-1636-A187D81153A2}.Debug|Any CPU.Build.0 = Debug|Any CPU
		{9B3CC907-7ADD-D19F-1636-A187D81153A2}.Release|Any CPU.ActiveCfg = Release|Any CPU
		{9B3CC907-7ADD-D19F-1636-A187D81153A2}.Release|Any CPU.Build.0 = Release|Any CPU
		{185ACDF8-1EF3-96DC-A6C3-6BF784C92D5F}.Debug|Any CPU.ActiveCfg = Debug|Any CPU
		{185ACDF8-1EF3-96DC-A6C3-6BF784C92D5F}.Debug|Any CPU.Build.0 = Debug|Any CPU
		{185ACDF8-1EF3-96DC-A6C3-6BF784C92D5F}.Release|Any CPU.ActiveCfg = Release|Any CPU
		{185ACDF8-1EF3-96DC-A6C3-6BF784C92D5F}.Release|Any CPU.Build.0 = Release|Any CPU
	EndGlobalSection
	GlobalSection(SolutionProperties) = preSolution
		HideSolutionNode = FALSE
	EndGlobalSection
EndGlobal
